<?xml version="1.0" encoding="utf-8"?>
<Project ToolsVersion="4.0" xmlns="http://schemas.microsoft.com/developer/msbuild/2003">
  <ItemGroup>
    <Filter Include="소스 파일">
      <UniqueIdentifier>{4FC737F1-C7A5-4376-A066-2A32D752A2FF}</UniqueIdentifier>
      <Extensions>cpp;c;cc;cxx;c++;cppm;ixx;def;odl;idl;hpj;bat;asm;asmx</Extensions>
    </Filter>
    <Filter Include="헤더 파일">
      <UniqueIdentifier>{93995380-89BD-4b04-88EB-625FBE52EBFB}</UniqueIdentifier>
      <Extensions>h;hh;hpp;hxx;h++;hm;inl;inc;ipp;xsd</Extensions>
    </Filter>
    <Filter Include="리소스 파일">
      <UniqueIdentifier>{67DA6AB6-F800-4c08-8B7A-83BB121AAD01}</UniqueIdentifier>
      <Extensions>rc;ico;cur;bmp;dlg;rc2;rct;bin;rgs;gif;jpg;jpeg;jpe;resx;tiff;tif;png;wav;mfcribbon-ms</Extensions>
    </Filter>
    <Filter Include="소스 파일\Chess">
      <UniqueIdentifier>{17fe5b2a-041e-46bb-b8da-b7e113d5564e}</UniqueIdentifier>
    </Filter>
    <Filter Include="소스 파일\Horse">
      <UniqueIdentifier>{92144616-1b86-4c4c-bca8-3b089899db22}</UniqueIdentifier>
    </Filter>
    <Filter Include="소스 파일\Horse\MyHorse">
      <UniqueIdentifier>{2f28123e-4d43-4b35-8182-a3a5553894f1}</UniqueIdentifier>
    </Filter>
    <Filter Include="Protocol">
      <UniqueIdentifier>{bd838492-7d34-422d-bef4-5ca5a5cd7892}</UniqueIdentifier>
    </Filter>
    <Filter Include="Protocol\Proto">
      <UniqueIdentifier>{6b7ecc40-1bd8-4484-b161-ec539a9f6a70}</UniqueIdentifier>
    </Filter>
    <Filter Include="Protocol\ProtoFiles">
      <UniqueIdentifier>{dc759042-d586-4f05-aa81-7c38c38ec7c1}</UniqueIdentifier>
    </Filter>
    <Filter Include="Protocol\SimplePacket">
      <UniqueIdentifier>{0db199cb-7a2a-4dd5-bf59-c5aa6e02d24e}</UniqueIdentifier>
    </Filter>
    <Filter Include="NetContents">
      <UniqueIdentifier>{31000b24-2058-4cc4-b398-ff8a193ca2ae}</UniqueIdentifier>
    </Filter>
    <Filter Include="NetContents\ServerSession">
      <UniqueIdentifier>{83482e48-395f-4ac5-922e-a42b9a3b86d8}</UniqueIdentifier>
    </Filter>
    <Filter Include="Utils">
      <UniqueIdentifier>{0717c3ce-a2fc-4680-9d41-7294f6ed4874}</UniqueIdentifier>
    </Filter>
    <Filter Include="Utils\func">
      <UniqueIdentifier>{458aad95-ceb7-416e-9946-f67ec46d5bdd}</UniqueIdentifier>
    </Filter>
  </ItemGroup>
  <ItemGroup>
    <ClInclude Include="framework.h">
      <Filter>헤더 파일</Filter>
    </ClInclude>
    <ClInclude Include="targetver.h">
      <Filter>헤더 파일</Filter>
    </ClInclude>
    <ClInclude Include="Resource.h">
      <Filter>헤더 파일</Filter>
    </ClInclude>
    <ClInclude Include="Client.h">
      <Filter>헤더 파일</Filter>
    </ClInclude>
    <ClInclude Include="Horse.h">
      <Filter>소스 파일\Horse</Filter>
    </ClInclude>
    <ClInclude Include="Chess.h">
      <Filter>소스 파일\Chess</Filter>
    </ClInclude>
    <ClInclude Include="pch.h">
      <Filter>헤더 파일</Filter>
    </ClInclude>
    <ClInclude Include="MyHorse.h">
      <Filter>소스 파일\Horse\MyHorse</Filter>
    </ClInclude>
    <ClInclude Include="ClientNetwork\inc\Protocols\Enum.pb.h">
      <Filter>Protocol\ProtoFiles</Filter>
    </ClInclude>
    <ClInclude Include="ClientNetwork\inc\Protocols\Protocol.pb.h">
      <Filter>Protocol\ProtoFiles</Filter>
    </ClInclude>
    <ClInclude Include="ClientNetwork\inc\Protocols\Struct.pb.h">
      <Filter>Protocol\ProtoFiles</Filter>
    </ClInclude>
    <ClInclude Include="ClientNetwork\inc\Protocols\s2c_PacketHandler.h">
      <Filter>Protocol</Filter>
    </ClInclude>
    <ClInclude Include="SimplePacket.h">
      <Filter>Protocol\SimplePacket</Filter>
    </ClInclude>
    <ClInclude Include="ServerSession.h">
      <Filter>NetContents\ServerSession</Filter>
    </ClInclude>
    <ClInclude Include="func.h">
      <Filter>Utils\func</Filter>
    </ClInclude>
  </ItemGroup>
  <ItemGroup>
    <ClCompile Include="Client.cpp">
      <Filter>소스 파일</Filter>
    </ClCompile>
    <ClCompile Include="Horse.cpp">
      <Filter>소스 파일\Horse</Filter>
    </ClCompile>
    <ClCompile Include="Chess.cpp">
      <Filter>소스 파일\Chess</Filter>
    </ClCompile>
    <ClCompile Include="pch.cpp">
      <Filter>헤더 파일</Filter>
    </ClCompile>
    <ClCompile Include="MyHorse.cpp">
      <Filter>소스 파일\Horse\MyHorse</Filter>
    </ClCompile>
    <ClCompile Include="ClientNetwork\inc\Protocols\Enum.pb.cc">
      <Filter>Protocol\ProtoFiles</Filter>
    </ClCompile>
    <ClCompile Include="ClientNetwork\inc\Protocols\Protocol.pb.cc">
      <Filter>Protocol\ProtoFiles</Filter>
    </ClCompile>
    <ClCompile Include="ClientNetwork\inc\Protocols\Struct.pb.cc">
      <Filter>Protocol\ProtoFiles</Filter>
    </ClCompile>
    <ClCompile Include="SimplePacket.cpp">
      <Filter>Protocol\SimplePacket</Filter>
    </ClCompile>
    <ClCompile Include="ServerSession.cpp">
      <Filter>NetContents\ServerSession</Filter>
    </ClCompile>
    <ClCompile Include="ClientNetwork\inc\Protocols\s2c_PacketHandler.cpp">
      <Filter>Protocol</Filter>
    </ClCompile>
    <ClCompile Include="func.cpp">
      <Filter>Utils\func</Filter>
    </ClCompile>
  </ItemGroup>
  <ItemGroup>
    <ResourceCompile Include="Client.rc">
      <Filter>리소스 파일</Filter>
    </ResourceCompile>
  </ItemGroup>
  <ItemGroup>
    <Image Include="small.ico">
      <Filter>리소스 파일</Filter>
    </Image>
    <Image Include="Client.ico">
      <Filter>리소스 파일</Filter>
    </Image>
  </ItemGroup>
  <ItemGroup>
    <None Include="ClientNetwork\GenPackets\Enum.proto">
      <Filter>Protocol\Proto</Filter>
    </None>
    <None Include="ClientNetwork\GenPackets\Protocol.proto">
      <Filter>Protocol\Proto</Filter>
    </None>
    <None Include="ClientNetwork\GenPackets\Struct.proto">
      <Filter>Protocol\Proto</Filter>
    </None>
  </ItemGroup>
</Project>